<?xml version="1.0" encoding="utf-8"?>
<Project ToolsVersion="4.0" xmlns="http://schemas.microsoft.com/developer/msbuild/2003">
  <ItemGroup>
    <Filter Include="source">
      <UniqueIdentifier>{4cbe0211-81cf-4ba3-bc09-f97927f3f564}</UniqueIdentifier>
      <Extensions>cpp;c;cxx;def;odl;idl;hpj;bat;asm</Extensions>
    </Filter>
    <Filter Include="include">
      <UniqueIdentifier>{b192cb61-86d1-4376-9f8d-99e4f90cff1c}</UniqueIdentifier>
      <Extensions>h;hpp;hxx;hm;inl;inc</Extensions>
    </Filter>
    <Filter Include="resource">
      <UniqueIdentifier>{e423c0a6-29af-4f20-b216-000cc2cc9411}</UniqueIdentifier>
      <Extensions>rc;ico;cur;bmp;dlg;rc2;rct;bin;rgs;jpg;jpeg;jpe;png;manifest</Extensions>
    </Filter>
    <Filter Include="include\login">
      <UniqueIdentifier>{f3fba8d5-3d43-4c8d-9f23-b1c7d6005014}</UniqueIdentifier>
    </Filter>
    <Filter Include="source\login">
      <UniqueIdentifier>{3b63af90-6b35-4ee6-953f-92849bbc05d5}</UniqueIdentifier>
    </Filter>
  </ItemGroup>
  <ItemGroup>
    <None Include="res\GamePlayer.ico">
      <Filter>resource</Filter>
    </None>
    <None Include="..\Resources\CloseSelected.png">
      <Filter>resource</Filter>
    </None>
    <None Include="..\Resources\CloseNormal.png">
      <Filter>resource</Filter>
    </None>
    <None Include="..\Resources\HelloWorld.png">
      <Filter>resource</Filter>
    </None>
    <None Include="D:\cocos2d-2.0-x-2.0.4\cocos2dx\proj.win32\cocos2d.vcproj" />
    <None Include="D:\cocos2d-2.0-x-2.0.4\cocos2dx\proj.win32\cocos2d.vcxproj" />
    <None Include="D:\cocos2d-2.0-x-2.0.4\cocos2dx\proj.win32\cocos2d.vcxproj.filters" />
  </ItemGroup>
  <ItemGroup>
    <ResourceCompile Include="GamePlayer.rc">
      <Filter>resource</Filter>
    </ResourceCompile>
  </ItemGroup>
  <ItemGroup>
    <ClInclude Include="resource.h">
      <Filter>include</Filter>
    </ClInclude>
    <ClInclude Include="main.h">
      <Filter>include</Filter>
    </ClInclude>
    <ClInclude Include="..\Classes\AppDelegate.h">
      <Filter>include</Filter>
    </ClInclude>
    <ClInclude Include="..\Classes\HelloWorldScene.h">
      <Filter>include</Filter>
    </ClInclude>
    <ClInclude Include="..\Classes\VisibleRect.h">
      <Filter>include</Filter>
    </ClInclude>
    <ClInclude Include="ScrollViewLayer.h">
      <Filter>include</Filter>
    </ClInclude>
    <ClInclude Include="ScrollViewLayerLoader.h">
      <Filter>include</Filter>
    </ClInclude>
    <ClInclude Include="NewTableViewCell.h">
      <Filter>include</Filter>
    </ClInclude>
    <ClInclude Include="DDZResources.h">
      <Filter>include</Filter>
    </ClInclude>
    <ClInclude Include="LoginBottomLayer.h">
      <Filter>include\login</Filter>
    </ClInclude>
    <ClInclude Include="LoginTopLayer.h">
      <Filter>include\login</Filter>
    </ClInclude>
    <ClInclude Include="TableViewLayer.h">
      <Filter>include\login</Filter>
    </ClInclude>
  </ItemGroup>
  <ItemGroup>
    <ClCompile Include="main.cpp">
      <Filter>source</Filter>
    </ClCompile>
    <ClCompile Include="..\Classes\AppDelegate.cpp">
      <Filter>source</Filter>
    </ClCompile>
    <ClCompile Include="..\Classes\HelloWorldScene.cpp">
      <Filter>source</Filter>
    </ClCompile>
    <ClCompile Include="..\Classes\VisibleRect.cpp">
      <Filter>source</Filter>
    </ClCompile>
    <ClCompile Include="NewTableViewCell.cpp">
      <Filter>source</Filter>
    </ClCompile>
    <ClCompile Include="LoginTopLayer.cpp">
      <Filter>source\login</Filter>
    </ClCompile>
    <ClCompile Include="LoginBottomLayer.cpp">
      <Filter>source\login</Filter>
    </ClCompile>
    <ClCompile Include="TableViewLayer.cpp">
      <Filter>source\login</Filter>
    </ClCompile>
  </ItemGroup>
</Project>